// !$*UTF8*$!
{
	archiveVersion = 1;
	classes = {
	};
	objectVersion = 46;
	objects = {

/* Begin PBXBuildFile section */
		DDA55278190FA8C2004D251E /* UpdateJobVC.m in Sources */ = {isa = PBXBuildFile; fileRef = DDA55277190FA8C2004D251E /* UpdateJobVC.m */; };
		DDDEF2DE190AD0C500B8C04F /* BSKeyboardControls.m in Sources */ = {isa = PBXBuildFile; fileRef = DDDEF2DD190AD0C500B8C04F /* BSKeyboardControls.m */; };
		DDE1E3021909758A008D43E6 /* Foundation.framework in Frameworks */ = {isa = PBXBuildFile; fileRef = DDE1E3011909758A008D43E6 /* Foundation.framework */; };
		DDE1E3041909758A008D43E6 /* CoreGraphics.framework in Frameworks */ = {isa = PBXBuildFile; fileRef = DDE1E3031909758A008D43E6 /* CoreGraphics.framework */; };
		DDE1E3061909758A008D43E6 /* UIKit.framework in Frameworks */ = {isa = PBXBuildFile; fileRef = DDE1E3051909758A008D43E6 /* UIKit.framework */; };
		DDE1E30C1909758A008D43E6 /* InfoPlist.strings in Resources */ = {isa = PBXBuildFile; fileRef = DDE1E30A1909758A008D43E6 /* InfoPlist.strings */; };
		DDE1E30E1909758A008D43E6 /* main.m in Sources */ = {isa = PBXBuildFile; fileRef = DDE1E30D1909758A008D43E6 /* main.m */; };
		DDE1E3121909758A008D43E6 /* AppDelegate.m in Sources */ = {isa = PBXBuildFile; fileRef = DDE1E3111909758A008D43E6 /* AppDelegate.m */; };
		DDE1E3151909758A008D43E6 /* Main.storyboard in Resources */ = {isa = PBXBuildFile; fileRef = DDE1E3131909758A008D43E6 /* Main.storyboard */; };
		DDE1E31A1909758A008D43E6 /* Images.xcassets in Resources */ = {isa = PBXBuildFile; fileRef = DDE1E3191909758A008D43E6 /* Images.xcassets */; };
		DDE1E3211909758B008D43E6 /* XCTest.framework in Frameworks */ = {isa = PBXBuildFile; fileRef = DDE1E3201909758B008D43E6 /* XCTest.framework */; };
		DDE1E3221909758B008D43E6 /* Foundation.framework in Frameworks */ = {isa = PBXBuildFile; fileRef = DDE1E3011909758A008D43E6 /* Foundation.framework */; };
		DDE1E3231909758B008D43E6 /* UIKit.framework in Frameworks */ = {isa = PBXBuildFile; fileRef = DDE1E3051909758A008D43E6 /* UIKit.framework */; };
		DDE1E32B1909758B008D43E6 /* InfoPlist.strings in Resources */ = {isa = PBXBuildFile; fileRef = DDE1E3291909758B008D43E6 /* InfoPlist.strings */; };
		DDE1E32D1909758B008D43E6 /* MTS2Tests.m in Sources */ = {isa = PBXBuildFile; fileRef = DDE1E32C1909758B008D43E6 /* MTS2Tests.m */; };
		DDE1E33C190975DA008D43E6 /* header.png in Resources */ = {isa = PBXBuildFile; fileRef = DDE1E337190975DA008D43E6 /* header.png */; };
		DDE1E33D190975DA008D43E6 /* drop_down2.png in Resources */ = {isa = PBXBuildFile; fileRef = DDE1E338190975DA008D43E6 /* drop_down2.png */; };
		DDE1E33E190975DA008D43E6 /* button_back.png in Resources */ = {isa = PBXBuildFile; fileRef = DDE1E339190975DA008D43E6 /* button_back.png */; };
		DDE1E33F190975DA008D43E6 /* loading_icon.png in Resources */ = {isa = PBXBuildFile; fileRef = DDE1E33A190975DA008D43E6 /* loading_icon.png */; };
		DDE1E340190975DA008D43E6 /* back_button.png in Resources */ = {isa = PBXBuildFile; fileRef = DDE1E33B190975DA008D43E6 /* back_button.png */; };
		DDE1E34319097735008D43E6 /* VCHome.m in Sources */ = {isa = PBXBuildFile; fileRef = DDE1E34219097735008D43E6 /* VCHome.m */; };
		DDE1E34919097F99008D43E6 /* Reachability.m in Sources */ = {isa = PBXBuildFile; fileRef = DDE1E34619097F99008D43E6 /* Reachability.m */; };
		DDE1E34A19097F99008D43E6 /* iRoidHelper.m in Sources */ = {isa = PBXBuildFile; fileRef = DDE1E34819097F99008D43E6 /* iRoidHelper.m */; };
		DDE1E34E19097FBD008D43E6 /* iToast.m in Sources */ = {isa = PBXBuildFile; fileRef = DDE1E34D19097FBD008D43E6 /* iToast.m */; };
		DDE1E35219097FD2008D43E6 /* MBProgressHUD.m in Sources */ = {isa = PBXBuildFile; fileRef = DDE1E35119097FD2008D43E6 /* MBProgressHUD.m */; };
		DDE1E35619099487008D43E6 /* AddJobVC.m in Sources */ = {isa = PBXBuildFile; fileRef = DDE1E35519099487008D43E6 /* AddJobVC.m */; };
/* End PBXBuildFile section */

/* Begin PBXContainerItemProxy section */
		DDE1E3241909758B008D43E6 /* PBXContainerItemProxy */ = {
			isa = PBXContainerItemProxy;
			containerPortal = DDE1E2F619097589008D43E6 /* Project object */;
			proxyType = 1;
			remoteGlobalIDString = DDE1E2FD1909758A008D43E6;
			remoteInfo = MTS2;
		};
/* End PBXContainerItemProxy section */

/* Begin PBXFileReference section */
		DDA55276190FA8C2004D251E /* UpdateJobVC.h */ = {isa = PBXFileReference; fileEncoding = 4; lastKnownFileType = sourcecode.c.h; path = UpdateJobVC.h; sourceTree = "<group>"; };
		DDA55277190FA8C2004D251E /* UpdateJobVC.m */ = {isa = PBXFileReference; fileEncoding = 4; lastKnownFileType = sourcecode.c.objc; path = UpdateJobVC.m; sourceTree = "<group>"; };
		DDDEF2DC190AD0C500B8C04F /* BSKeyboardControls.h */ = {isa = PBXFileReference; fileEncoding = 4; lastKnownFileType = sourcecode.c.h; path = BSKeyboardControls.h; sourceTree = "<group>"; };
		DDDEF2DD190AD0C500B8C04F /* BSKeyboardControls.m */ = {isa = PBXFileReference; fileEncoding = 4; lastKnownFileType = sourcecode.c.objc; path = BSKeyboardControls.m; sourceTree = "<group>"; };
		DDE1E2FE1909758A008D43E6 /* MTS2.app */ = {isa = PBXFileReference; explicitFileType = wrapper.application; includeInIndex = 0; path = MTS2.app; sourceTree = BUILT_PRODUCTS_DIR; };
		DDE1E3011909758A008D43E6 /* Foundation.framework */ = {isa = PBXFileReference; lastKnownFileType = wrapper.framework; name = Foundation.framework; path = System/Library/Frameworks/Foundation.framework; sourceTree = SDKROOT; };
		DDE1E3031909758A008D43E6 /* CoreGraphics.framework */ = {isa = PBXFileReference; lastKnownFileType = wrapper.framework; name = CoreGraphics.framework; path = System/Library/Frameworks/CoreGraphics.framework; sourceTree = SDKROOT; };
		DDE1E3051909758A008D43E6 /* UIKit.framework */ = {isa = PBXFileReference; lastKnownFileType = wrapper.framework; name = UIKit.framework; path = System/Library/Frameworks/UIKit.framework; sourceTree = SDKROOT; };
		DDE1E3091909758A008D43E6 /* MTS2-Info.plist */ = {isa = PBXFileReference; lastKnownFileType = text.plist.xml; path = "MTS2-Info.plist"; sourceTree = "<group>"; };
		DDE1E30B1909758A008D43E6 /* en */ = {isa = PBXFileReference; lastKnownFileType = text.plist.strings; name = en; path = en.lproj/InfoPlist.strings; sourceTree = "<group>"; };
		DDE1E30D1909758A008D43E6 /* main.m */ = {isa = PBXFileReference; lastKnownFileType = sourcecode.c.objc; path = main.m; sourceTree = "<group>"; };
		DDE1E30F1909758A008D43E6 /* MTS2-Prefix.pch */ = {isa = PBXFileReference; lastKnownFileType = sourcecode.c.h; path = "MTS2-Prefix.pch"; sourceTree = "<group>"; };
		DDE1E3101909758A008D43E6 /* AppDelegate.h */ = {isa = PBXFileReference; lastKnownFileType = sourcecode.c.h; path = AppDelegate.h; sourceTree = "<group>"; };
		DDE1E3111909758A008D43E6 /* AppDelegate.m */ = {isa = PBXFileReference; lastKnownFileType = sourcecode.c.objc; path = AppDelegate.m; sourceTree = "<group>"; };
		DDE1E3141909758A008D43E6 /* Base */ = {isa = PBXFileReference; lastKnownFileType = file.storyboard; name = Base; path = Base.lproj/Main.storyboard; sourceTree = "<group>"; };
		DDE1E3191909758A008D43E6 /* Images.xcassets */ = {isa = PBXFileReference; lastKnownFileType = folder.assetcatalog; path = Images.xcassets; sourceTree = "<group>"; };
		DDE1E31F1909758B008D43E6 /* MTS2Tests.xctest */ = {isa = PBXFileReference; explicitFileType = wrapper.cfbundle; includeInIndex = 0; path = MTS2Tests.xctest; sourceTree = BUILT_PRODUCTS_DIR; };
		DDE1E3201909758B008D43E6 /* XCTest.framework */ = {isa = PBXFileReference; lastKnownFileType = wrapper.framework; name = XCTest.framework; path = Library/Frameworks/XCTest.framework; sourceTree = DEVELOPER_DIR; };
		DDE1E3281909758B008D43E6 /* MTS2Tests-Info.plist */ = {isa = PBXFileReference; lastKnownFileType = text.plist.xml; path = "MTS2Tests-Info.plist"; sourceTree = "<group>"; };
		DDE1E32A1909758B008D43E6 /* en */ = {isa = PBXFileReference; lastKnownFileType = text.plist.strings; name = en; path = en.lproj/InfoPlist.strings; sourceTree = "<group>"; };
		DDE1E32C1909758B008D43E6 /* MTS2Tests.m */ = {isa = PBXFileReference; lastKnownFileType = sourcecode.c.objc; path = MTS2Tests.m; sourceTree = "<group>"; };
		DDE1E337190975DA008D43E6 /* header.png */ = {isa = PBXFileReference; lastKnownFileType = image.png; path = header.png; sourceTree = "<group>"; };
		DDE1E338190975DA008D43E6 /* drop_down2.png */ = {isa = PBXFileReference; lastKnownFileType = image.png; path = drop_down2.png; sourceTree = "<group>"; };
		DDE1E339190975DA008D43E6 /* button_back.png */ = {isa = PBXFileReference; lastKnownFileType = image.png; path = button_back.png; sourceTree = "<group>"; };
		DDE1E33A190975DA008D43E6 /* loading_icon.png */ = {isa = PBXFileReference; lastKnownFileType = image.png; path = loading_icon.png; sourceTree = "<group>"; };
		DDE1E33B190975DA008D43E6 /* back_button.png */ = {isa = PBXFileReference; lastKnownFileType = image.png; path = back_button.png; sourceTree = "<group>"; };
		DDE1E34119097735008D43E6 /* VCHome.h */ = {isa = PBXFileReference; fileEncoding = 4; lastKnownFileType = sourcecode.c.h; path = VCHome.h; sourceTree = "<group>"; };
		DDE1E34219097735008D43E6 /* VCHome.m */ = {isa = PBXFileReference; fileEncoding = 4; lastKnownFileType = sourcecode.c.objc; path = VCHome.m; sourceTree = "<group>"; };
		DDE1E34519097F99008D43E6 /* Reachability.h */ = {isa = PBXFileReference; fileEncoding = 4; lastKnownFileType = sourcecode.c.h; path = Reachability.h; sourceTree = "<group>"; };
		DDE1E34619097F99008D43E6 /* Reachability.m */ = {isa = PBXFileReference; fileEncoding = 4; lastKnownFileType = sourcecode.c.objc; path = Reachability.m; sourceTree = "<group>"; };
		DDE1E34719097F99008D43E6 /* iRoidHelper.h */ = {isa = PBXFileReference; fileEncoding = 4; lastKnownFileType = sourcecode.c.h; path = iRoidHelper.h; sourceTree = "<group>"; };
		DDE1E34819097F99008D43E6 /* iRoidHelper.m */ = {isa = PBXFileReference; fileEncoding = 4; lastKnownFileType = sourcecode.c.objc; path = iRoidHelper.m; sourceTree = "<group>"; };
		DDE1E34C19097FBD008D43E6 /* iToast.h */ = {isa = PBXFileReference; fileEncoding = 4; lastKnownFileType = sourcecode.c.h; path = iToast.h; sourceTree = "<group>"; };
		DDE1E34D19097FBD008D43E6 /* iToast.m */ = {isa = PBXFileReference; fileEncoding = 4; lastKnownFileType = sourcecode.c.objc; path = iToast.m; sourceTree = "<group>"; };
		DDE1E35019097FD2008D43E6 /* MBProgressHUD.h */ = {isa = PBXFileReference; fileEncoding = 4; lastKnownFileType = sourcecode.c.h; path = MBProgressHUD.h; sourceTree = "<group>"; };
		DDE1E35119097FD2008D43E6 /* MBProgressHUD.m */ = {isa = PBXFileReference; fileEncoding = 4; lastKnownFileType = sourcecode.c.objc; path = MBProgressHUD.m; sourceTree = "<group>"; };
		DDE1E35419099487008D43E6 /* AddJobVC.h */ = {isa = PBXFileReference; fileEncoding = 4; lastKnownFileType = sourcecode.c.h; path = AddJobVC.h; sourceTree = "<group>"; };
		DDE1E35519099487008D43E6 /* AddJobVC.m */ = {isa = PBXFileReference; fileEncoding = 4; lastKnownFileType = sourcecode.c.objc; path = AddJobVC.m; sourceTree = "<group>"; };
/* End PBXFileReference section */

/* Begin PBXFrameworksBuildPhase section */
		DDE1E2FB1909758A008D43E6 /* Frameworks */ = {
			isa = PBXFrameworksBuildPhase;
			buildActionMask = 2147483647;
			files = (
				DDE1E3041909758A008D43E6 /* CoreGraphics.framework in Frameworks */,
				DDE1E3061909758A008D43E6 /* UIKit.framework in Frameworks */,
				DDE1E3021909758A008D43E6 /* Foundation.framework in Frameworks */,
			);
			runOnlyForDeploymentPostprocessing = 0;
		};
		DDE1E31C1909758B008D43E6 /* Frameworks */ = {
			isa = PBXFrameworksBuildPhase;
			buildActionMask = 2147483647;
			files = (
				DDE1E3211909758B008D43E6 /* XCTest.framework in Frameworks */,
				DDE1E3231909758B008D43E6 /* UIKit.framework in Frameworks */,
				DDE1E3221909758B008D43E6 /* Foundation.framework in Frameworks */,
			);
			runOnlyForDeploymentPostprocessing = 0;
		};
/* End PBXFrameworksBuildPhase section */

/* Begin PBXGroup section */
		DDDEF2DB190AD0B500B8C04F /* BSKeyBoard */ = {
			isa = PBXGroup;
			children = (
				DDDEF2DC190AD0C500B8C04F /* BSKeyboardControls.h */,
				DDDEF2DD190AD0C500B8C04F /* BSKeyboardControls.m */,
			);
			name = BSKeyBoard;
			sourceTree = "<group>";
		};
		DDE1E2F519097589008D43E6 = {
			isa = PBXGroup;
			children = (
				DDE1E3071909758A008D43E6 /* MTS2 */,
				DDE1E3261909758B008D43E6 /* MTS2Tests */,
				DDE1E3001909758A008D43E6 /* Frameworks */,
				DDE1E2FF1909758A008D43E6 /* Products */,
			);
			sourceTree = "<group>";
		};
		DDE1E2FF1909758A008D43E6 /* Products */ = {
			isa = PBXGroup;
			children = (
				DDE1E2FE1909758A008D43E6 /* MTS2.app */,
				DDE1E31F1909758B008D43E6 /* MTS2Tests.xctest */,
			);
			name = Products;
			sourceTree = "<group>";
		};
		DDE1E3001909758A008D43E6 /* Frameworks */ = {
			isa = PBXGroup;
			children = (
				DDE1E3011909758A008D43E6 /* Foundation.framework */,
				DDE1E3031909758A008D43E6 /* CoreGraphics.framework */,
				DDE1E3051909758A008D43E6 /* UIKit.framework */,
				DDE1E3201909758B008D43E6 /* XCTest.framework */,
			);
			name = Frameworks;
			sourceTree = "<group>";
		};
		DDE1E3071909758A008D43E6 /* MTS2 */ = {
			isa = PBXGroup;
			children = (
				DDDEF2DB190AD0B500B8C04F /* BSKeyBoard */,
				DDE1E34F19097FCA008D43E6 /* Loading */,
				DDE1E34B19097FB4008D43E6 /* iToast */,
				DDE1E34419097F5C008D43E6 /* Helper */,
				DDE1E336190975C8008D43E6 /* Images */,
				DDE1E3101909758A008D43E6 /* AppDelegate.h */,
				DDE1E3111909758A008D43E6 /* AppDelegate.m */,
				DDE1E3131909758A008D43E6 /* Main.storyboard */,
				DDE1E3191909758A008D43E6 /* Images.xcassets */,
				DDE1E3081909758A008D43E6 /* Supporting Files */,
				DDE1E34119097735008D43E6 /* VCHome.h */,
				DDE1E34219097735008D43E6 /* VCHome.m */,
				DDE1E35419099487008D43E6 /* AddJobVC.h */,
				DDE1E35519099487008D43E6 /* AddJobVC.m */,
				DDA55276190FA8C2004D251E /* UpdateJobVC.h */,
				DDA55277190FA8C2004D251E /* UpdateJobVC.m */,
			);
			path = MTS2;
			sourceTree = "<group>";
		};
		DDE1E3081909758A008D43E6 /* Supporting Files */ = {
			isa = PBXGroup;
			children = (
				DDE1E3091909758A008D43E6 /* MTS2-Info.plist */,
				DDE1E30A1909758A008D43E6 /* InfoPlist.strings */,
				DDE1E30D1909758A008D43E6 /* main.m */,
				DDE1E30F1909758A008D43E6 /* MTS2-Prefix.pch */,
			);
			name = "Supporting Files";
			sourceTree = "<group>";
		};
		DDE1E3261909758B008D43E6 /* MTS2Tests */ = {
			isa = PBXGroup;
			children = (
				DDE1E32C1909758B008D43E6 /* MTS2Tests.m */,
				DDE1E3271909758B008D43E6 /* Supporting Files */,
			);
			path = MTS2Tests;
			sourceTree = "<group>";
		};
		DDE1E3271909758B008D43E6 /* Supporting Files */ = {
			isa = PBXGroup;
			children = (
				DDE1E3281909758B008D43E6 /* MTS2Tests-Info.plist */,
				DDE1E3291909758B008D43E6 /* InfoPlist.strings */,
			);
			name = "Supporting Files";
			sourceTree = "<group>";
		};
		DDE1E336190975C8008D43E6 /* Images */ = {
			isa = PBXGroup;
			children = (
				DDE1E337190975DA008D43E6 /* header.png */,
				DDE1E338190975DA008D43E6 /* drop_down2.png */,
				DDE1E339190975DA008D43E6 /* button_back.png */,
				DDE1E33A190975DA008D43E6 /* loading_icon.png */,
				DDE1E33B190975DA008D43E6 /* back_button.png */,
			);
			name = Images;
			sourceTree = "<group>";
		};
		DDE1E34419097F5C008D43E6 /* Helper */ = {
			isa = PBXGroup;
			children = (
				DDE1E34519097F99008D43E6 /* Reachability.h */,
				DDE1E34619097F99008D43E6 /* Reachability.m */,
				DDE1E34719097F99008D43E6 /* iRoidHelper.h */,
				DDE1E34819097F99008D43E6 /* iRoidHelper.m */,
			);
			name = Helper;
			sourceTree = "<group>";
		};
		DDE1E34B19097FB4008D43E6 /* iToast */ = {
			isa = PBXGroup;
			children = (
				DDE1E34C19097FBD008D43E6 /* iToast.h */,
				DDE1E34D19097FBD008D43E6 /* iToast.m */,
			);
			name = iToast;
			sourceTree = "<group>";
		};
		DDE1E34F19097FCA008D43E6 /* Loading */ = {
			isa = PBXGroup;
			children = (
				DDE1E35019097FD2008D43E6 /* MBProgressHUD.h */,
				DDE1E35119097FD2008D43E6 /* MBProgressHUD.m */,
			);
			name = Loading;
			sourceTree = "<group>";
		};
/* End PBXGroup section */

/* Begin PBXNativeTarget section */
		DDE1E2FD1909758A008D43E6 /* MTS2 */ = {
			isa = PBXNativeTarget;
			buildConfigurationList = DDE1E3301909758B008D43E6 /* Build configuration list for PBXNativeTarget "MTS2" */;
			buildPhases = (
				DDE1E2FA1909758A008D43E6 /* Sources */,
				DDE1E2FB1909758A008D43E6 /* Frameworks */,
				DDE1E2FC1909758A008D43E6 /* Resources */,
			);
			buildRules = (
			);
			dependencies = (
			);
			name = MTS2;
			productName = MTS2;
			productReference = DDE1E2FE1909758A008D43E6 /* MTS2.app */;
			productType = "com.apple.product-type.application";
		};
		DDE1E31E1909758B008D43E6 /* MTS2Tests */ = {
			isa = PBXNativeTarget;
			buildConfigurationList = DDE1E3331909758B008D43E6 /* Build configuration list for PBXNativeTarget "MTS2Tests" */;
			buildPhases = (
				DDE1E31B1909758B008D43E6 /* Sources */,
				DDE1E31C1909758B008D43E6 /* Frameworks */,
				DDE1E31D1909758B008D43E6 /* Resources */,
			);
			buildRules = (
			);
			dependencies = (
				DDE1E3251909758B008D43E6 /* PBXTargetDependency */,
			);
			name = MTS2Tests;
			productName = MTS2Tests;
			productReference = DDE1E31F1909758B008D43E6 /* MTS2Tests.xctest */;
			productType = "com.apple.product-type.bundle.unit-test";
		};
/* End PBXNativeTarget section */

/* Begin PBXProject section */
		DDE1E2F619097589008D43E6 /* Project object */ = {
			isa = PBXProject;
			attributes = {
				LastUpgradeCheck = 0600;
				ORGANIZATIONNAME = "Pritesh-Mac";
				TargetAttributes = {
					DDE1E31E1909758B008D43E6 = {
						DevelopmentTeam = NH3AHRYEZ3;
						TestTargetID = DDE1E2FD1909758A008D43E6;
					};
				};
			};
			buildConfigurationList = DDE1E2F919097589008D43E6 /* Build configuration list for PBXProject "MTS2" */;
			compatibilityVersion = "Xcode 3.2";
			developmentRegion = English;
			hasScannedForEncodings = 0;
			knownRegions = (
				en,
				Base,
			);
			mainGroup = DDE1E2F519097589008D43E6;
			productRefGroup = DDE1E2FF1909758A008D43E6 /* Products */;
			projectDirPath = "";
			projectRoot = "";
			targets = (
				DDE1E2FD1909758A008D43E6 /* MTS2 */,
				DDE1E31E1909758B008D43E6 /* MTS2Tests */,
			);
		};
/* End PBXProject section */

/* Begin PBXResourcesBuildPhase section */
		DDE1E2FC1909758A008D43E6 /* Resources */ = {
			isa = PBXResourcesBuildPhase;
			buildActionMask = 2147483647;
			files = (
				DDE1E31A1909758A008D43E6 /* Images.xcassets in Resources */,
				DDE1E30C1909758A008D43E6 /* InfoPlist.strings in Resources */,
				DDE1E33D190975DA008D43E6 /* drop_down2.png in Resources */,
				DDE1E33C190975DA008D43E6 /* header.png in Resources */,
				DDE1E33E190975DA008D43E6 /* button_back.png in Resources */,
				DDE1E33F190975DA008D43E6 /* loading_icon.png in Resources */,
				DDE1E340190975DA008D43E6 /* back_button.png in Resources */,
				DDE1E3151909758A008D43E6 /* Main.storyboard in Resources */,
			);
			runOnlyForDeploymentPostprocessing = 0;
		};
		DDE1E31D1909758B008D43E6 /* Resources */ = {
			isa = PBXResourcesBuildPhase;
			buildActionMask = 2147483647;
			files = (
				DDE1E32B1909758B008D43E6 /* InfoPlist.strings in Resources */,
			);
			runOnlyForDeploymentPostprocessing = 0;
		};
/* End PBXResourcesBuildPhase section */

/* Begin PBXSourcesBuildPhase section */
		DDE1E2FA1909758A008D43E6 /* Sources */ = {
			isa = PBXSourcesBuildPhase;
			buildActionMask = 2147483647;
			files = (
				DDE1E3121909758A008D43E6 /* AppDelegate.m in Sources */,
				DDE1E34319097735008D43E6 /* VCHome.m in Sources */,
				DDE1E35619099487008D43E6 /* AddJobVC.m in Sources */,
				DDA55278190FA8C2004D251E /* UpdateJobVC.m in Sources */,
				DDE1E34A19097F99008D43E6 /* iRoidHelper.m in Sources */,
				DDE1E34E19097FBD008D43E6 /* iToast.m in Sources */,
				DDDEF2DE190AD0C500B8C04F /* BSKeyboardControls.m in Sources */,
				DDE1E34919097F99008D43E6 /* Reachability.m in Sources */,
				DDE1E30E1909758A008D43E6 /* main.m in Sources */,
				DDE1E35219097FD2008D43E6 /* MBProgressHUD.m in Sources */,
			);
			runOnlyForDeploymentPostprocessing = 0;
		};
		DDE1E31B1909758B008D43E6 /* Sources */ = {
			isa = PBXSourcesBuildPhase;
			buildActionMask = 2147483647;
			files = (
				DDE1E32D1909758B008D43E6 /* MTS2Tests.m in Sources */,
			);
			runOnlyForDeploymentPostprocessing = 0;
		};
/* End PBXSourcesBuildPhase section */

/* Begin PBXTargetDependency section */
		DDE1E3251909758B008D43E6 /* PBXTargetDependency */ = {
			isa = PBXTargetDependency;
			target = DDE1E2FD1909758A008D43E6 /* MTS2 */;
			targetProxy = DDE1E3241909758B008D43E6 /* PBXContainerItemProxy */;
		};
/* End PBXTargetDependency section */

/* Begin PBXVariantGroup section */
		DDE1E30A1909758A008D43E6 /* InfoPlist.strings */ = {
			isa = PBXVariantGroup;
			children = (
				DDE1E30B1909758A008D43E6 /* en */,
			);
			name = InfoPlist.strings;
			sourceTree = "<group>";
		};
		DDE1E3131909758A008D43E6 /* Main.storyboard */ = {
			isa = PBXVariantGroup;
			children = (
				DDE1E3141909758A008D43E6 /* Base */,
			);
			name = Main.storyboard;
			sourceTree = "<group>";
		};
		DDE1E3291909758B008D43E6 /* InfoPlist.strings */ = {
			isa = PBXVariantGroup;
			children = (
				DDE1E32A1909758B008D43E6 /* en */,
			);
			name = InfoPlist.strings;
			sourceTree = "<group>";
		};
/* End PBXVariantGroup section */

/* Begin XCBuildConfiguration section */
		DDE1E32E1909758B008D43E6 /* Debug */ = {
			isa = XCBuildConfiguration;
			buildSettings = {
				ALWAYS_SEARCH_USER_PATHS = NO;
				CLANG_CXX_LANGUAGE_STANDARD = "gnu++0x";
				CLANG_CXX_LIBRARY = "libc++";
				CLANG_ENABLE_MODULES = YES;
				CLANG_ENABLE_OBJC_ARC = YES;
				CLANG_WARN_BOOL_CONVERSION = YES;
				CLANG_WARN_CONSTANT_CONVERSION = YES;
				CLANG_WARN_DIRECT_OBJC_ISA_USAGE = YES_ERROR;
				CLANG_WARN_EMPTY_BODY = YES;
				CLANG_WARN_ENUM_CONVERSION = YES;
				CLANG_WARN_INT_CONVERSION = YES;
				CLANG_WARN_OBJC_ROOT_CLASS = YES_ERROR;
				CLANG_WARN__DUPLICATE_METHOD_MATCH = YES;
				CODE_SIGN_IDENTITY = "iPhone Distribution: Sai Kumar PONABOINA";
				"CODE_SIGN_IDENTITY[sdk=iphoneos*]" = "iPhone Distribution: Sai Kumar PONABOINA";
				COPY_PHASE_STRIP = NO;
				GCC_C_LANGUAGE_STANDARD = gnu99;
				GCC_DYNAMIC_NO_PIC = NO;
				GCC_OPTIMIZATION_LEVEL = 0;
				GCC_PREPROCESSOR_DEFINITIONS = (
					"DEBUG=1",
					"$(inherited)",
				);
				GCC_SYMBOLS_PRIVATE_EXTERN = NO;
				GCC_WARN_64_TO_32_BIT_CONVERSION = YES;
				GCC_WARN_ABOUT_RETURN_TYPE = YES_ERROR;
				GCC_WARN_UNDECLARED_SELECTOR = YES;
				GCC_WARN_UNINITIALIZED_AUTOS = YES;
				GCC_WARN_UNUSED_FUNCTION = YES;
				GCC_WARN_UNUSED_VARIABLE = YES;
				IPHONEOS_DEPLOYMENT_TARGET = 7.0;
				ONLY_ACTIVE_ARCH = YES;
				PROVISIONING_PROFILE = "706769b8-7a96-41e4-9c81-ee689c442040";
				SDKROOT = iphoneos;
			};
			name = Debug;
		};
		DDE1E32F1909758B008D43E6 /* Release */ = {
			isa = XCBuildConfiguration;
			buildSettings = {
				ALWAYS_SEARCH_USER_PATHS = NO;
				CLANG_CXX_LANGUAGE_STANDARD = "gnu++0x";
				CLANG_CXX_LIBRARY = "libc++";
				CLANG_ENABLE_MODULES = YES;
				CLANG_ENABLE_OBJC_ARC = YES;
				CLANG_WARN_BOOL_CONVERSION = YES;
				CLANG_WARN_CONSTANT_CONVERSION = YES;
				CLANG_WARN_DIRECT_OBJC_ISA_USAGE = YES_ERROR;
				CLANG_WARN_EMPTY_BODY = YES;
				CLANG_WARN_ENUM_CONVERSION = YES;
				CLANG_WARN_INT_CONVERSION = YES;
				CLANG_WARN_OBJC_ROOT_CLASS = YES_ERROR;
				CLANG_WARN__DUPLICATE_METHOD_MATCH = YES;
				CODE_SIGN_IDENTITY = "iPhone Distribution: Sai Kumar PONABOINA";
				"CODE_SIGN_IDENTITY[sdk=iphoneos*]" = "iPhone Distribution: Sai Kumar PONABOINA";
				COPY_PHASE_STRIP = YES;
				ENABLE_NS_ASSERTIONS = NO;
				GCC_C_LANGUAGE_STANDARD = gnu99;
				GCC_WARN_64_TO_32_BIT_CONVERSION = YES;
				GCC_WARN_ABOUT_RETURN_TYPE = YES_ERROR;
				GCC_WARN_UNDECLARED_SELECTOR = YES;
				GCC_WARN_UNINITIALIZED_AUTOS = YES;
				GCC_WARN_UNUSED_FUNCTION = YES;
				GCC_WARN_UNUSED_VARIABLE = YES;
				IPHONEOS_DEPLOYMENT_TARGET = 7.0;
				PROVISIONING_PROFILE = "706769b8-7a96-41e4-9c81-ee689c442040";
				SDKROOT = iphoneos;
				VALIDATE_PRODUCT = YES;
			};
			name = Release;
		};
		DDE1E3311909758B008D43E6 /* Debug */ = {
			isa = XCBuildConfiguration;
			buildSettings = {
				ASSETCATALOG_COMPILER_APPICON_NAME = AppIcon;
				ASSETCATALOG_COMPILER_LAUNCHIMAGE_NAME = LaunchImage;
				CODE_SIGN_IDENTITY = "iPhone Developer";
				"CODE_SIGN_IDENTITY[sdk=iphoneos*]" = "iPhone Distribution: Sai Kumar PONABOINA";
				GCC_PRECOMPILE_PREFIX_HEADER = YES;
				GCC_PREFIX_HEADER = "MTS2/MTS2-Prefix.pch";
				INFOPLIST_FILE = "MTS2/MTS2-Info.plist";
				IPHONEOS_DEPLOYMENT_TARGET = 6.0;
				PRODUCT_NAME = "$(TARGET_NAME)";
				PROVISIONING_PROFILE = "706769b8-7a96-41e4-9c81-ee689c442040";
				WRAPPER_EXTENSION = app;
			};
			name = Debug;
		};
		DDE1E3321909758B008D43E6 /* Release */ = {
			isa = XCBuildConfiguration;
			buildSettings = {
				ASSETCATALOG_COMPILER_APPICON_NAME = AppIcon;
				ASSETCATALOG_COMPILER_LAUNCHIMAGE_NAME = LaunchImage;
				CODE_SIGN_IDENTITY = "iPhone Developer";
				"CODE_SIGN_IDENTITY[sdk=iphoneos*]" = "iPhone Distribution: Sai Kumar PONABOINA";
				GCC_PRECOMPILE_PREFIX_HEADER = YES;
				GCC_PREFIX_HEADER = "MTS2/MTS2-Prefix.pch";
				INFOPLIST_FILE = "MTS2/MTS2-Info.plist";
				IPHONEOS_DEPLOYMENT_TARGET = 6.0;
				PRODUCT_NAME = "$(TARGET_NAME)";
				PROVISIONING_PROFILE = "706769b8-7a96-41e4-9c81-ee689c442040";
				WRAPPER_EXTENSION = app;
			};
			name = Release;
		};
		DDE1E3341909758B008D43E6 /* Debug */ = {
			isa = XCBuildConfiguration;
			buildSettings = {
				BUNDLE_LOADER = "$(BUILT_PRODUCTS_DIR)/MTS2.app/MTS2";
				CODE_SIGN_IDENTITY = "iPhone Developer";
				"CODE_SIGN_IDENTITY[sdk=iphoneos*]" = "iPhone Developer";
				FRAMEWORK_SEARCH_PATHS = (
					"$(SDKROOT)/Developer/Library/Frameworks",
					"$(inherited)",
					"$(DEVELOPER_FRAMEWORKS_DIR)",
				);
				GCC_PRECOMPILE_PREFIX_HEADER = YES;
				GCC_PREFIX_HEADER = "MTS2/MTS2-Prefix.pch";
				GCC_PREPROCESSOR_DEFINITIONS = (
					"DEBUG=1",
					"$(inherited)",
				);
				INFOPLIST_FILE = "MTS2Tests/MTS2Tests-Info.plist";
				PRODUCT_NAME = "$(TARGET_NAME)";
				PROVISIONING_PROFILE = "";
				TEST_HOST = "$(BUNDLE_LOADER)";
				WRAPPER_EXTENSION = xctest;
			};
			name = Debug;
		};
		DDE1E3351909758B008D43E6 /* Release */ = {
			isa = XCBuildConfiguration;
			buildSettings = {
				BUNDLE_LOADER = "$(BUILT_PRODUCTS_DIR)/MTS2.app/MTS2";
				CODE_SIGN_IDENTITY = "iPhone Developer";
				"CODE_SIGN_IDENTITY[sdk=iphoneos*]" = "iPhone Developer";
				FRAMEWORK_SEARCH_PATHS = (
					"$(SDKROOT)/Developer/Library/Frameworks",
					"$(inherited)",
					"$(DEVELOPER_FRAMEWORKS_DIR)",
				);
				GCC_PRECOMPILE_PREFIX_HEADER = YES;
				GCC_PREFIX_HEADER = "MTS2/MTS2-Prefix.pch";
				INFOPLIST_FILE = "MTS2Tests/MTS2Tests-Info.plist";
				PRODUCT_NAME = "$(TARGET_NAME)";
				PROVISIONING_PROFILE = "";
				TEST_HOST = "$(BUNDLE_LOADER)";
				WRAPPER_EXTENSION = xctest;
			};
			name = Release;
		};
/* End XCBuildConfiguration section */

/* Begin XCConfigurationList section */
		DDE1E2F919097589008D43E6 /* Build configuration list for PBXProject "MTS2" */ = {
			isa = XCConfigurationList;
			buildConfigurations = (
				DDE1E32E1909758B008D43E6 /* Debug */,
				DDE1E32F1909758B008D43E6 /* Release */,
			);
			defaultConfigurationIsVisible = 0;
			defaultConfigurationName = Release;
		};
		DDE1E3301909758B008D43E6 /* Build configuration list for PBXNativeTarget "MTS2" */ = {
			isa = XCConfigurationList;
			buildConfigurations = (
				DDE1E3311909758B008D43E6 /* Debug */,
				DDE1E3321909758B008D43E6 /* Release */,
			);
			defaultConfigurationIsVisible = 0;
			defaultConfigurationName = Release;
		};
		DDE1E3331909758B008D43E6 /* Build configuration list for PBXNativeTarget "MTS2Tests" */ = {
			isa = XCConfigurationList;
			buildConfigurations = (
				DDE1E3341909758B008D43E6 /* Debug */,
				DDE1E3351909758B008D43E6 /* Release */,
			);
			defaultConfigurationIsVisible = 0;
			defaultConfigurationName = Release;
		};
/* End XCConfigurationList section */
	};
	rootObject = DDE1E2F619097589008D43E6 /* Project object */;
}
